
Microsoft Visual Studio Solution File, Format Version 12.00
# Visual Studio Version 16
VisualStudioVersion = 25.0.1706.0
MinimumVisualStudioVersion = 10.0.40219.1
Project("{FAE04EC0-301F-11D3-BF4B-00C04F79EFBC}") = "HTTPClient", "HTTPClient\HTTPClient.csproj", "{04B58C2E-6282-439E-872D-42279C82D6BA}"
EndProject
Global
	GlobalSection(SolutionConfigurationPlatforms) = preSolution
		Debug|Any CPU = Debug|Any CPU
		Release|Any CPU = Release|Any CPU
	EndGlobalSection
	GlobalSection(ProjectConfigurationPlatforms) = postSolution
		{04B58C2E-6282-439E-872D-42279C82D6BA}.Debug|Any CPU.ActiveCfg = Debug|Any CPU
		{04B58C2E-6282-439E-872D-42279C82D6BA}.Debug|Any CPU.Build.0 = Debug|Any CPU
		{04B58C2E-6282-439E-872D-42279C82D6BA}.Release|Any CPU.ActiveCfg = Release|Any CPU
		{04B58C2E-6282-439E-872D-42279C82D6BA}.Release|Any CPU.Build.0 = Release|Any CPU
	EndGlobalSection
	GlobalSection(SolutionProperties) = preSolution
		HideSolutionNode = FALSE
	EndGlobalSection
	GlobalSection(ExtensibilityGlobals) = postSolution
		SolutionGuid = {C0A98BBB-736D-4C8C-A785-B9FB5D190466}
	EndGlobalSection
EndGlobal
